<Solution>
  <Project Path="Assembly-CSharp\Assembly-CSharp.csproj" />
  <Project Path="Assembly-CSharp-firstpass\Assembly-CSharp-firstpass.csproj" />
  <Project Path="AstarPathfindingProject\AstarPathfindingProject.csproj" />
  <Project Path="BGDatabase\BGDatabase.csproj" />
  <Project Path="BouncyCastle.Crypto\BouncyCastle.Crypto.csproj" />
  <Project Path="Cinemachine\Cinemachine.csproj" />
  <Project Path="Coffee.UnmaskForUGUI\Coffee.UnmaskForUGUI.csproj" />
  <Project Path="DOTween\DOTween.csproj" />
  <Project Path="DOTweenPro\DOTweenPro.csproj" />
  <Project Path="DemiLib\DemiLib.csproj" />
  <Project Path="DissonanceVoip\DissonanceVoip.csproj" />
  <Project Path="DoozyRuntime\DoozyRuntime.csproj" />
  <Project Path="Facepunch.Steamworks.Win64\Facepunch.Steamworks.Win64.csproj" />
  <Project Path="Fusion.Addressables\Fusion.Addressables.csproj" />
  <Project Path="Fusion.Common\Fusion.Common.csproj" />
  <Project Path="Fusion.Realtime\Fusion.Realtime.csproj" />
  <Project Path="Fusion.Runtime\Fusion.Runtime.csproj" />
  <Project Path="Fusion.Sockets\Fusion.Sockets.csproj" />
  <Project Path="ICSharpCode.SharpZipLib\ICSharpCode.SharpZipLib.csproj" />
  <Project Path="Lofelt.NiceVibrations\Lofelt.NiceVibrations.csproj" />
  <Project Path="Lofelt.NiceVibrations.Demo\Lofelt.NiceVibrations.Demo.csproj" />
  <Project Path="MeshExtension\MeshExtension.csproj" />
  <Project Path="Mono.Security\Mono.Security.csproj" />
  <Project Path="MoreMountains.Feedbacks\MoreMountains.Feedbacks.csproj" />
  <Project Path="MoreMountains.Feedbacks.Cinemachine\MoreMountains.Feedbacks.Cinemachine.csproj" />
  <Project Path="MoreMountains.Feedbacks.HDRP\MoreMountains.Feedbacks.HDRP.csproj" />
  <Project Path="MoreMountains.Feedbacks.MMTools\MoreMountains.Feedbacks.MMTools.csproj" />
  <Project Path="MoreMountains.Feedbacks.NiceVibrations\MoreMountains.Feedbacks.NiceVibrations.csproj" />
  <Project Path="MoreMountains.Feedbacks.PostProcessing\MoreMountains.Feedbacks.PostProcessing.csproj" />
  <Project Path="MoreMountains.Feedbacks.TextMeshPro\MoreMountains.Feedbacks.TextMeshPro.csproj" />
  <Project Path="MoreMountains.Feedbacks.URP\MoreMountains.Feedbacks.URP.csproj" />
  <Project Path="MoreMountains.Tools\MoreMountains.Tools.csproj" />
  <Project Path="NPOI\NPOI.csproj" />
  <Project Path="NPOI.OOXML\NPOI.OOXML.csproj" />
  <Project Path="NPOI.OpenXml4Net\NPOI.OpenXml4Net.csproj" />
  <Project Path="NPOI.OpenXmlFormats\NPOI.OpenXmlFormats.csproj" />
  <Project Path="NanoSockets\NanoSockets.csproj" />
  <Project Path="Newtonsoft.Json\Newtonsoft.Json.csproj" />
  <Project Path="Pathfinding.ClipperLib\Pathfinding.ClipperLib.csproj" />
  <Project Path="Pathfinding.Ionic.Zip.Reduced\Pathfinding.Ionic.Zip.Reduced.csproj" />
  <Project Path="Pathfinding.Poly2Tri\Pathfinding.Poly2Tri.csproj" />
  <Project Path="Photon3Unity3D\Photon3Unity3D.csproj" />
  <Project Path="Sirenix.OdinInspector.Attributes\Sirenix.OdinInspector.Attributes.csproj" />
  <Project Path="Sirenix.OdinInspector.CompatibilityLayer\Sirenix.OdinInspector.CompatibilityLayer.csproj" />
  <Project Path="Sirenix.Serialization\Sirenix.Serialization.csproj" />
  <Project Path="Sirenix.Serialization.Config\Sirenix.Serialization.Config.csproj" />
  <Project Path="Sirenix.Utilities\Sirenix.Utilities.csproj" />
  <Project Path="StylizedWaterForURP\StylizedWaterForURP.csproj" />
  <Project Path="System\System.csproj" />
  <Project Path="System.ComponentModel.Composition\System.ComponentModel.Composition.csproj" />
  <Project Path="System.Configuration\System.Configuration.csproj" />
  <Project Path="System.Core\System.Core.csproj" />
  <Project Path="System.Data\System.Data.csproj" />
  <Project Path="System.Data.DataSetExtensions\System.Data.DataSetExtensions.csproj" />
  <Project Path="System.Drawing\System.Drawing.csproj" />
  <Project Path="System.EnterpriseServices\System.EnterpriseServices.csproj" />
  <Project Path="System.IO.Compression\System.IO.Compression.csproj" />
  <Project Path="System.IO.Compression.FileSystem\System.IO.Compression.FileSystem.csproj" />
  <Project Path="System.Net.Http\System.Net.Http.csproj" />
  <Project Path="System.Numerics\System.Numerics.csproj" />
  <Project Path="System.Runtime\System.Runtime.csproj" />
  <Project Path="System.Runtime.CompilerServices.Unsafe\System.Runtime.CompilerServices.Unsafe.csproj" />
  <Project Path="System.Runtime.InteropServices\System.Runtime.InteropServices.csproj" />
  <Project Path="System.Runtime.Serialization\System.Runtime.Serialization.csproj" />
  <Project Path="System.Security\System.Security.csproj" />
  <Project Path="System.ServiceModel.Internals\System.ServiceModel.Internals.csproj" />
  <Project Path="System.Transactions\System.Transactions.csproj" />
  <Project Path="System.Xml\System.Xml.csproj" />
  <Project Path="System.Xml.Linq\System.Xml.Linq.csproj" />
  <Project Path="UniTask\UniTask.csproj" />
  <Project Path="UniTask.Addressables\UniTask.Addressables.csproj" />
  <Project Path="UniTask.DOTween\UniTask.DOTween.csproj" />
  <Project Path="UniTask.Linq\UniTask.Linq.csproj" />
  <Project Path="UniTask.TextMeshPro\UniTask.TextMeshPro.csproj" />
  <Project Path="Unity.2D.Animation.Runtime\Unity.2D.Animation.Runtime.csproj" />
  <Project Path="Unity.2D.Common.Runtime\Unity.2D.Common.Runtime.csproj" />
  <Project Path="Unity.2D.IK.Runtime\Unity.2D.IK.Runtime.csproj" />
  <Project Path="Unity.AI.Navigation\Unity.AI.Navigation.csproj" />
  <Project Path="Unity.Addressables\Unity.Addressables.csproj" />
  <Project Path="Unity.Burst\Unity.Burst.csproj" />
  <Project Path="Unity.Burst.Unsafe\Unity.Burst.Unsafe.csproj" />
  <Project Path="Unity.Collections\Unity.Collections.csproj" />
  <Project Path="Unity.Collections.LowLevel.ILSupport\Unity.Collections.LowLevel.ILSupport.csproj" />
  <Project Path="Unity.InputSystem\Unity.InputSystem.csproj" />
  <Project Path="Unity.InputSystem.ForUI\Unity.InputSystem.ForUI.csproj" />
  <Project Path="Unity.InternalAPIEngineBridge.001\Unity.InternalAPIEngineBridge.001.csproj" />
  <Project Path="Unity.Mathematics\Unity.Mathematics.csproj" />
  <Project Path="Unity.MemoryProfiler\Unity.MemoryProfiler.csproj" />
  <Project Path="Unity.Polybrush\Unity.Polybrush.csproj" />
  <Project Path="Unity.Profiling.Core\Unity.Profiling.Core.csproj" />
  <Project Path="Unity.RenderPipeline.Universal.ShaderLibrary\Unity.RenderPipeline.Universal.ShaderLibrary.csproj" />
  <Project Path="Unity.RenderPipelines.Core.Runtime\Unity.RenderPipelines.Core.Runtime.csproj" />
  <Project Path="Unity.RenderPipelines.Core.ShaderLibrary\Unity.RenderPipelines.Core.ShaderLibrary.csproj" />
  <Project Path="Unity.RenderPipelines.ShaderGraph.ShaderGraphLibrary\Unity.RenderPipelines.ShaderGraph.ShaderGraphLibrary.csproj" />
  <Project Path="Unity.RenderPipelines.Universal.2D.Internal\Unity.RenderPipelines.Universal.2D.Internal.csproj" />
  <Project Path="Unity.RenderPipelines.Universal.Config.Runtime\Unity.RenderPipelines.Universal.Config.Runtime.csproj" />
  <Project Path="Unity.RenderPipelines.Universal.Runtime\Unity.RenderPipelines.Universal.Runtime.csproj" />
  <Project Path="Unity.RenderPipelines.Universal.Shaders\Unity.RenderPipelines.Universal.Shaders.csproj" />
  <Project Path="Unity.ResourceManager\Unity.ResourceManager.csproj" />
  <Project Path="Unity.ScriptableBuildPipeline\Unity.ScriptableBuildPipeline.csproj" />
  <Project Path="Unity.Services.Analytics\Unity.Services.Analytics.csproj" />
  <Project Path="Unity.Services.Core\Unity.Services.Core.csproj" />
  <Project Path="Unity.Services.Core.Analytics\Unity.Services.Core.Analytics.csproj" />
  <Project Path="Unity.Services.Core.Components\Unity.Services.Core.Components.csproj" />
  <Project Path="Unity.Services.Core.Configuration\Unity.Services.Core.Configuration.csproj" />
  <Project Path="Unity.Services.Core.Device\Unity.Services.Core.Device.csproj" />
  <Project Path="Unity.Services.Core.Environments\Unity.Services.Core.Environments.csproj" />
  <Project Path="Unity.Services.Core.Environments.Internal\Unity.Services.Core.Environments.Internal.csproj" />
  <Project Path="Unity.Services.Core.Internal\Unity.Services.Core.Internal.csproj" />
  <Project Path="Unity.Services.Core.Networking\Unity.Services.Core.Networking.csproj" />
  <Project Path="Unity.Services.Core.Registration\Unity.Services.Core.Registration.csproj" />
  <Project Path="Unity.Services.Core.Scheduler\Unity.Services.Core.Scheduler.csproj" />
  <Project Path="Unity.Services.Core.Telemetry\Unity.Services.Core.Telemetry.csproj" />
  <Project Path="Unity.Services.Core.Threading\Unity.Services.Core.Threading.csproj" />
  <Project Path="Unity.TerrainTools\Unity.TerrainTools.csproj" />
  <Project Path="Unity.TextMeshPro\Unity.TextMeshPro.csproj" />
  <Project Path="Unity.Timeline\Unity.Timeline.csproj" />
  <Project Path="Unity.VisualEffectGraph.Runtime\Unity.VisualEffectGraph.Runtime.csproj" />
  <Project Path="Unity.XR.Management\Unity.XR.Management.csproj" />
  <Project Path="UnityEngine\UnityEngine.csproj" />
  <Project Path="UnityEngine.AIModule\UnityEngine.AIModule.csproj" />
  <Project Path="UnityEngine.ARModule\UnityEngine.ARModule.csproj" />
  <Project Path="UnityEngine.AccessibilityModule\UnityEngine.AccessibilityModule.csproj" />
  <Project Path="UnityEngine.AndroidJNIModule\UnityEngine.AndroidJNIModule.csproj" />
  <Project Path="UnityEngine.AnimationModule\UnityEngine.AnimationModule.csproj" />
  <Project Path="UnityEngine.AssetBundleModule\UnityEngine.AssetBundleModule.csproj" />
  <Project Path="UnityEngine.AudioModule\UnityEngine.AudioModule.csproj" />
  <Project Path="UnityEngine.ClothModule\UnityEngine.ClothModule.csproj" />
  <Project Path="UnityEngine.ClusterInputModule\UnityEngine.ClusterInputModule.csproj" />
  <Project Path="UnityEngine.ClusterRendererModule\UnityEngine.ClusterRendererModule.csproj" />
  <Project Path="UnityEngine.ContentLoadModule\UnityEngine.ContentLoadModule.csproj" />
  <Project Path="UnityEngine.CoreModule\UnityEngine.CoreModule.csproj" />
  <Project Path="UnityEngine.CrashReportingModule\UnityEngine.CrashReportingModule.csproj" />
  <Project Path="UnityEngine.DSPGraphModule\UnityEngine.DSPGraphModule.csproj" />
  <Project Path="UnityEngine.DirectorModule\UnityEngine.DirectorModule.csproj" />
  <Project Path="UnityEngine.GIModule\UnityEngine.GIModule.csproj" />
  <Project Path="UnityEngine.GameCenterModule\UnityEngine.GameCenterModule.csproj" />
  <Project Path="UnityEngine.GridModule\UnityEngine.GridModule.csproj" />
  <Project Path="UnityEngine.HotReloadModule\UnityEngine.HotReloadModule.csproj" />
  <Project Path="UnityEngine.IMGUIModule\UnityEngine.IMGUIModule.csproj" />
  <Project Path="UnityEngine.ImageConversionModule\UnityEngine.ImageConversionModule.csproj" />
  <Project Path="UnityEngine.InputLegacyModule\UnityEngine.InputLegacyModule.csproj" />
  <Project Path="UnityEngine.InputModule\UnityEngine.InputModule.csproj" />
  <Project Path="UnityEngine.JSONSerializeModule\UnityEngine.JSONSerializeModule.csproj" />
  <Project Path="UnityEngine.LocalizationModule\UnityEngine.LocalizationModule.csproj" />
  <Project Path="UnityEngine.NVIDIAModule\UnityEngine.NVIDIAModule.csproj" />
  <Project Path="UnityEngine.ParticleSystemModule\UnityEngine.ParticleSystemModule.csproj" />
  <Project Path="UnityEngine.PerformanceReportingModule\UnityEngine.PerformanceReportingModule.csproj" />
  <Project Path="UnityEngine.Physics2DModule\UnityEngine.Physics2DModule.csproj" />
  <Project Path="UnityEngine.PhysicsModule\UnityEngine.PhysicsModule.csproj" />
  <Project Path="UnityEngine.ProfilerModule\UnityEngine.ProfilerModule.csproj" />
  <Project Path="UnityEngine.PropertiesModule\UnityEngine.PropertiesModule.csproj" />
  <Project Path="UnityEngine.RuntimeInitializeOnLoadManagerInitializerModule\UnityEngine.RuntimeInitializeOnLoadManagerInitializerModule.csproj" />
  <Project Path="UnityEngine.ScreenCaptureModule\UnityEngine.ScreenCaptureModule.csproj" />
  <Project Path="UnityEngine.SharedInternalsModule\UnityEngine.SharedInternalsModule.csproj" />
  <Project Path="UnityEngine.SpatialTracking\UnityEngine.SpatialTracking.csproj" />
  <Project Path="UnityEngine.SpriteMaskModule\UnityEngine.SpriteMaskModule.csproj" />
  <Project Path="UnityEngine.SpriteShapeModule\UnityEngine.SpriteShapeModule.csproj" />
  <Project Path="UnityEngine.StreamingModule\UnityEngine.StreamingModule.csproj" />
  <Project Path="UnityEngine.SubstanceModule\UnityEngine.SubstanceModule.csproj" />
  <Project Path="UnityEngine.SubsystemsModule\UnityEngine.SubsystemsModule.csproj" />
  <Project Path="UnityEngine.TLSModule\UnityEngine.TLSModule.csproj" />
  <Project Path="UnityEngine.TerrainModule\UnityEngine.TerrainModule.csproj" />
  <Project Path="UnityEngine.TerrainPhysicsModule\UnityEngine.TerrainPhysicsModule.csproj" />
  <Project Path="UnityEngine.TextCoreFontEngineModule\UnityEngine.TextCoreFontEngineModule.csproj" />
  <Project Path="UnityEngine.TextCoreTextEngineModule\UnityEngine.TextCoreTextEngineModule.csproj" />
  <Project Path="UnityEngine.TextRenderingModule\UnityEngine.TextRenderingModule.csproj" />
  <Project Path="UnityEngine.TilemapModule\UnityEngine.TilemapModule.csproj" />
  <Project Path="UnityEngine.UI\UnityEngine.UI.csproj" />
  <Project Path="UnityEngine.UIElementsModule\UnityEngine.UIElementsModule.csproj" />
  <Project Path="UnityEngine.UIModule\UnityEngine.UIModule.csproj" />
  <Project Path="UnityEngine.UmbraModule\UnityEngine.UmbraModule.csproj" />
  <Project Path="UnityEngine.UnityAnalyticsCommonModule\UnityEngine.UnityAnalyticsCommonModule.csproj" />
  <Project Path="UnityEngine.UnityAnalyticsModule\UnityEngine.UnityAnalyticsModule.csproj" />
  <Project Path="UnityEngine.UnityConnectModule\UnityEngine.UnityConnectModule.csproj" />
  <Project Path="UnityEngine.UnityCurlModule\UnityEngine.UnityCurlModule.csproj" />
  <Project Path="UnityEngine.UnityTestProtocolModule\UnityEngine.UnityTestProtocolModule.csproj" />
  <Project Path="UnityEngine.UnityWebRequestAssetBundleModule\UnityEngine.UnityWebRequestAssetBundleModule.csproj" />
  <Project Path="UnityEngine.UnityWebRequestAudioModule\UnityEngine.UnityWebRequestAudioModule.csproj" />
  <Project Path="UnityEngine.UnityWebRequestModule\UnityEngine.UnityWebRequestModule.csproj" />
  <Project Path="UnityEngine.UnityWebRequestTextureModule\UnityEngine.UnityWebRequestTextureModule.csproj" />
  <Project Path="UnityEngine.UnityWebRequestWWWModule\UnityEngine.UnityWebRequestWWWModule.csproj" />
  <Project Path="UnityEngine.VFXModule\UnityEngine.VFXModule.csproj" />
  <Project Path="UnityEngine.VRModule\UnityEngine.VRModule.csproj" />
  <Project Path="UnityEngine.VehiclesModule\UnityEngine.VehiclesModule.csproj" />
  <Project Path="UnityEngine.VideoModule\UnityEngine.VideoModule.csproj" />
  <Project Path="UnityEngine.VirtualTexturingModule\UnityEngine.VirtualTexturingModule.csproj" />
  <Project Path="UnityEngine.WindModule\UnityEngine.WindModule.csproj" />
  <Project Path="UnityEngine.XR.LegacyInputHelpers\UnityEngine.XR.LegacyInputHelpers.csproj" />
  <Project Path="UnityEngine.XRModule\UnityEngine.XRModule.csproj" />
  <Project Path="VFXGraph.OutputEventHandlers\VFXGraph.OutputEventHandlers.csproj" />
  <Project Path="jp.keijiro.klak.timeline.particlesystemcontrol.Runtime\jp.keijiro.klak.timeline.particlesystemcontrol.Runtime.csproj" />
  <Project Path="mscorlib\mscorlib.csproj" />
  <Project Path="netstandard\netstandard.csproj" />
  <Project Path="websocket-sharp\websocket-sharp.csproj" />
</Solution>